{
  "version": 4,
  "terraform_version": "1.5.4",
  "serial": 9,
  "lineage": "5240313a-ccac-3dd4-e86a-cfd5e262bc73",
  "outputs": {},
  "resources": [
    {
      "mode": "managed",
      "type": "github_actions_secret",
      "name": "test_secret",
      "provider": "provider[\"registry.terraform.io/integrations/github\"]",
      "instances": [
        {
          "schema_version": 0,
          "attributes": {
            "created_at": "2023-08-09 13:13:51 +0000 UTC",
            "encrypted_value": "",
            "id": "test-repository:test_secret",
            "plaintext_value": "test",
            "repository": "test-repository",
            "secret_name": "test_secret",
            "updated_at": "2023-08-09 13:13:51 +0000 UTC"
          },
          "sensitive_attributes": [],
          "private": "bnVsbA=="
        }
      ]
    },
    {
      "mode": "managed",
      "type": "github_repository",
      "name": "test01",
      "provider": "provider[\"registry.terraform.io/integrations/github\"]",
      "instances": [
        {
          "schema_version": 1,
          "attributes": {
            "allow_auto_merge": false,
            "allow_merge_commit": true,
            "allow_rebase_merge": true,
            "allow_squash_merge": true,
            "allow_update_branch": false,
            "archive_on_destroy": null,
            "archived": false,
            "auto_init": null,
            "default_branch": "main",
            "delete_branch_on_merge": false,
            "description": "My awesome codebase",
            "etag": "W/\"7cde77071d6b609e0c6e658172dec424c2d445c2066044e87a548cd6aae726c8\"",
            "full_name": "trialuser543/test-repository",
            "git_clone_url": "git://github.com/trialuser543/test-repository.git",
            "gitignore_template": null,
            "has_discussions": false,
            "has_downloads": false,
            "has_issues": false,
            "has_projects": false,
            "has_wiki": false,
            "homepage_url": "",
            "html_url": "https://github.com/trialuser543/test-repository",
            "http_clone_url": "https://github.com/trialuser543/test-repository.git",
            "id": "test-repository",
            "ignore_vulnerability_alerts_during_read": null,
            "is_template": false,
            "license_template": null,
            "merge_commit_message": "PR_TITLE",
            "merge_commit_title": "MERGE_MESSAGE",
            "name": "test-repository",
            "node_id": "R_kgDOKFNRBw",
            "pages": [],
            "private": true,
            "repo_id": 676548871,
            "security_and_analysis": [],
            "squash_merge_commit_message": "COMMIT_MESSAGES",
            "squash_merge_commit_title": "COMMIT_OR_PR_TITLE",
            "ssh_clone_url": "git@github.com:trialuser543/test-repository.git",
            "svn_url": "https://github.com/trialuser543/test-repository",
            "template": [],
            "topics": [],
            "visibility": "private",
            "vulnerability_alerts": false
          },
          "sensitive_attributes": [],
          "private": "eyJzY2hlbWFfdmVyc2lvbiI6IjEifQ=="
        }
      ]
    },
    {
      "mode": "managed",
      "type": "github_repository_file",
      "name": "foo",
      "provider": "provider[\"registry.terraform.io/integrations/github\"]",
      "instances": [
        {
          "schema_version": 0,
          "attributes": {
            "branch": "main",
            "commit_author": null,
            "commit_email": null,
            "commit_message": "Update .gitignore",
            "commit_sha": "dcbfdfc19db535b7c70d2e9c4ae42c89a628f9f0",
            "content": "Hello, This is the updated gitignore file",
            "file": ".gitignore",
            "id": "test-repository/.gitignore",
            "overwrite_on_create": false,
            "ref": "main",
            "repository": "test-repository",
            "sha": "682b4fe1914af128d0517a79687385e7d0cf6a26"
          },
          "sensitive_attributes": [],
          "private": "bnVsbA=="
        }
      ]
    }
  ],
  "check_results": null
}
